
Microsoft Visual Studio Solution File, Format Version 12.00
# Visual Studio Version 17
VisualStudioVersion = 17.7.34221.43
MinimumVisualStudioVersion = 10.0.40219.1
Project("{FAE04EC0-301F-11D3-BF4B-00C04F79EFBC}") = "APICineMania", "APICineMania\APICineMania.csproj", "{5E5FCDD4-E662-414A-851A-6E7E83E8006F}"
EndProject
Project("{FAE04EC0-301F-11D3-BF4B-00C04F79EFBC}") = "Conector", "Conector\Conector.csproj", "{F51C4E42-48FE-4737-9B8C-3096CE6C5FF4}"
EndProject
Global
	GlobalSection(SolutionConfigurationPlatforms) = preSolution
		Debug|Any CPU = Debug|Any CPU
		Release|Any CPU = Release|Any CPU
	EndGlobalSection
	GlobalSection(ProjectConfigurationPlatforms) = postSolution
		{5E5FCDD4-E662-414A-851A-6E7E83E8006F}.Debug|Any CPU.ActiveCfg = Debug|Any CPU
		{5E5FCDD4-E662-414A-851A-6E7E83E8006F}.Debug|Any CPU.Build.0 = Debug|Any CPU
		{5E5FCDD4-E662-414A-851A-6E7E83E8006F}.Release|Any CPU.ActiveCfg = Release|Any CPU
		{5E5FCDD4-E662-414A-851A-6E7E83E8006F}.Release|Any CPU.Build.0 = Release|Any CPU
		{F51C4E42-48FE-4737-9B8C-3096CE6C5FF4}.Debug|Any CPU.ActiveCfg = Debug|Any CPU
		{F51C4E42-48FE-4737-9B8C-3096CE6C5FF4}.Debug|Any CPU.Build.0 = Debug|Any CPU
		{F51C4E42-48FE-4737-9B8C-3096CE6C5FF4}.Release|Any CPU.ActiveCfg = Release|Any CPU
		{F51C4E42-48FE-4737-9B8C-3096CE6C5FF4}.Release|Any CPU.Build.0 = Release|Any CPU
	EndGlobalSection
	GlobalSection(SolutionProperties) = preSolution
		HideSolutionNode = FALSE
	EndGlobalSection
	GlobalSection(ExtensibilityGlobals) = postSolution
		SolutionGuid = {BB34A83D-C35A-4DC9-99A3-CC252DE3EAC7}
	EndGlobalSection
EndGlobal
