
Microsoft Visual Studio Solution File, Format Version 12.00
# Visual Studio Version 17
VisualStudioVersion = 17.7.34221.43
MinimumVisualStudioVersion = 10.0.40219.1
Project("{FAE04EC0-301F-11D3-BF4B-00C04F79EFBC}") = "CineManiaWeb", "CineManiaWeb\CineManiaWeb.csproj", "{EDA22CF6-C30B-4B47-9E68-06E74EC7E2BD}"
EndProject
Global
	GlobalSection(SolutionConfigurationPlatforms) = preSolution
		Debug|Any CPU = Debug|Any CPU
		Release|Any CPU = Release|Any CPU
	EndGlobalSection
	GlobalSection(ProjectConfigurationPlatforms) = postSolution
		{EDA22CF6-C30B-4B47-9E68-06E74EC7E2BD}.Debug|Any CPU.ActiveCfg = Debug|Any CPU
		{EDA22CF6-C30B-4B47-9E68-06E74EC7E2BD}.Debug|Any CPU.Build.0 = Debug|Any CPU
		{EDA22CF6-C30B-4B47-9E68-06E74EC7E2BD}.Release|Any CPU.ActiveCfg = Release|Any CPU
		{EDA22CF6-C30B-4B47-9E68-06E74EC7E2BD}.Release|Any CPU.Build.0 = Release|Any CPU
	EndGlobalSection
	GlobalSection(SolutionProperties) = preSolution
		HideSolutionNode = FALSE
	EndGlobalSection
	GlobalSection(ExtensibilityGlobals) = postSolution
		SolutionGuid = {E52E2901-E1F9-4F31-A093-0CCD6DC1296F}
	EndGlobalSection
EndGlobal
